PODS:
  - Expecta (0.3.1)
  - Expecta+Snapshots (1.2.1):
    - Expecta
    - FBSnapshotTestCase
  - FBSnapshotTestCase (1.1)
  - GTFoundation/Colors (0.1.4)
  - Specta (0.2.1)
  - TSMessages (0.9.10):
    - GTFoundation/Colors

DEPENDENCIES:
  - Expecta
  - Expecta+Snapshots
  - FBSnapshotTestCase
  - Specta (~> 0.2.1)
  - TSMessages (from `../`)

EXTERNAL SOURCES:
  TSMessages:
    :path: ../

SPEC CHECKSUMS:
  Expecta: 03aabd0a89d8dea843baecb19a7fd7466a69a31d
  Expecta+Snapshots: 30c28e3d8104665ee70e32df1cfc030bb37a8a6c
  FBSnapshotTestCase: 9053afee1d66b4c7c313fcb0ae582a5e47bea9d0
  GTFoundation: ef904d0c4d1981c55edbf229444654822ff6b06c
  Specta: 9141310f46b1f68b676650ff2854e1ed0b74163a
  TSMessages: 2238c2943149565da71d471b17e530ec5e8c0e38

COCOAPODS: 0.34.4
